
Microsoft Visual Studio Solution File, Format Version 12.00
# Visual Studio 15
VisualStudioVersion = 15.0.26430.6
MinimumVisualStudioVersion = 10.0.40219.1
Project("{FAE04EC0-301F-11D3-BF4B-00C04F79EFBC}") = "ffmpegConverter", "ffmpegConverter\ffmpegConverter.csproj", "{6A905A81-F776-4FA6-B7D6-332E095D5E2C}"
EndProject
Global
	GlobalSection(SolutionConfigurationPlatforms) = preSolution
		Debug|Any CPU = Debug|Any CPU
		Release|Any CPU = Release|Any CPU
	EndGlobalSection
	GlobalSection(ProjectConfigurationPlatforms) = postSolution
		{6A905A81-F776-4FA6-B7D6-332E095D5E2C}.Debug|Any CPU.ActiveCfg = Debug|Any CPU
		{6A905A81-F776-4FA6-B7D6-332E095D5E2C}.Debug|Any CPU.Build.0 = Debug|Any CPU
		{6A905A81-F776-4FA6-B7D6-332E095D5E2C}.Release|Any CPU.ActiveCfg = Release|Any CPU
		{6A905A81-F776-4FA6-B7D6-332E095D5E2C}.Release|Any CPU.Build.0 = Release|Any CPU
	EndGlobalSection
	GlobalSection(SolutionProperties) = preSolution
		HideSolutionNode = FALSE
	EndGlobalSection
EndGlobal
